
Microsoft Visual Studio Solution File, Format Version 12.00
# Visual Studio Version 17
VisualStudioVersion = 17.9.34607.119
MinimumVisualStudioVersion = 10.0.40219.1
Project("{FAE04EC0-301F-11D3-BF4B-00C04F79EFBC}") = "Malanyaon_UserInterface", "Malanyaon_UserInterface\Malanyaon_UserInterface.csproj", "{60CD181E-8ED0-47C5-B09A-3CBAC690307F}"
EndProject
Global
	GlobalSection(SolutionConfigurationPlatforms) = preSolution
		Debug|Any CPU = Debug|Any CPU
		Release|Any CPU = Release|Any CPU
	EndGlobalSection
	GlobalSection(ProjectConfigurationPlatforms) = postSolution
		{60CD181E-8ED0-47C5-B09A-3CBAC690307F}.Debug|Any CPU.ActiveCfg = Debug|Any CPU
		{60CD181E-8ED0-47C5-B09A-3CBAC690307F}.Debug|Any CPU.Build.0 = Debug|Any CPU
		{60CD181E-8ED0-47C5-B09A-3CBAC690307F}.Release|Any CPU.ActiveCfg = Release|Any CPU
		{60CD181E-8ED0-47C5-B09A-3CBAC690307F}.Release|Any CPU.Build.0 = Release|Any CPU
	EndGlobalSection
	GlobalSection(SolutionProperties) = preSolution
		HideSolutionNode = FALSE
	EndGlobalSection
	GlobalSection(ExtensibilityGlobals) = postSolution
		SolutionGuid = {67964C6C-028D-406E-8C29-8E5E5D65910C}
	EndGlobalSection
EndGlobal
